
Microsoft Visual Studio Solution File, Format Version 12.00
# Visual Studio Version 17
VisualStudioVersion = 17.2.32519.379
MinimumVisualStudioVersion = 10.0.40219.1
Project("{FAE04EC0-301F-11D3-BF4B-00C04F79EFBC}") = "netapi", "netapi.csproj", "{DC81FFA9-8F8C-4189-9E48-210839344B9F}"
EndProject
Global
	GlobalSection(SolutionConfigurationPlatforms) = preSolution
		Debug|Any CPU = Debug|Any CPU
		Release|Any CPU = Release|Any CPU
	EndGlobalSection
	GlobalSection(ProjectConfigurationPlatforms) = postSolution
		{DC81FFA9-8F8C-4189-9E48-210839344B9F}.Debug|Any CPU.ActiveCfg = Debug|Any CPU
		{DC81FFA9-8F8C-4189-9E48-210839344B9F}.Debug|Any CPU.Build.0 = Debug|Any CPU
		{DC81FFA9-8F8C-4189-9E48-210839344B9F}.Release|Any CPU.ActiveCfg = Release|Any CPU
		{DC81FFA9-8F8C-4189-9E48-210839344B9F}.Release|Any CPU.Build.0 = Release|Any CPU
	EndGlobalSection
	GlobalSection(SolutionProperties) = preSolution
		HideSolutionNode = FALSE
	EndGlobalSection
	GlobalSection(ExtensibilityGlobals) = postSolution
		SolutionGuid = {0A57577B-B696-49B8-BE0E-394DDBCD4BBB}
	EndGlobalSection
EndGlobal
